
Microsoft Visual Studio Solution File, Format Version 12.00
# Visual Studio Version 16
VisualStudioVersion = 25.0.1706.14
MinimumVisualStudioVersion = 10.0.40219.1
Project("{FAE04EC0-301F-11D3-BF4B-00C04F79EFBC}") = "RatesService", "Wakett\RatesService.csproj", "{ADC2ABF6-A24C-40EC-8788-27311AC032F9}"
EndProject
Project("{FAE04EC0-301F-11D3-BF4B-00C04F79EFBC}") = "PositionsService", "PositionsService\PositionsService.csproj", "{9A86005A-E0D2-4643-85D3-85863BB85647}"
EndProject
Project("{2150E333-8FDC-42A3-9474-1A3956D46DE8}") = "Solution Items", "Solution Items", "{640EB165-54DD-4C55-87E4-F2DD8A4C0B14}"
	ProjectSection(SolutionItems) = preProject
		docker-compose.yml = docker-compose.yml
	EndProjectSection
EndProject
Global
	GlobalSection(SolutionConfigurationPlatforms) = preSolution
		Debug|Any CPU = Debug|Any CPU
		Release|Any CPU = Release|Any CPU
	EndGlobalSection
	GlobalSection(ProjectConfigurationPlatforms) = postSolution
		{ADC2ABF6-A24C-40EC-8788-27311AC032F9}.Debug|Any CPU.ActiveCfg = Debug|Any CPU
		{ADC2ABF6-A24C-40EC-8788-27311AC032F9}.Debug|Any CPU.Build.0 = Debug|Any CPU
		{ADC2ABF6-A24C-40EC-8788-27311AC032F9}.Release|Any CPU.ActiveCfg = Release|Any CPU
		{ADC2ABF6-A24C-40EC-8788-27311AC032F9}.Release|Any CPU.Build.0 = Release|Any CPU
		{9A86005A-E0D2-4643-85D3-85863BB85647}.Debug|Any CPU.ActiveCfg = Debug|Any CPU
		{9A86005A-E0D2-4643-85D3-85863BB85647}.Debug|Any CPU.Build.0 = Debug|Any CPU
		{9A86005A-E0D2-4643-85D3-85863BB85647}.Release|Any CPU.ActiveCfg = Release|Any CPU
		{9A86005A-E0D2-4643-85D3-85863BB85647}.Release|Any CPU.Build.0 = Release|Any CPU
	EndGlobalSection
	GlobalSection(SolutionProperties) = preSolution
		HideSolutionNode = FALSE
	EndGlobalSection
	GlobalSection(ExtensibilityGlobals) = postSolution
		SolutionGuid = {D240BC73-0499-4EA1-BA22-6D61622A050A}
	EndGlobalSection
	GlobalSection(MonoDevelopProperties) = preSolution
		Policies = $0
		$0.DotNetNamingPolicy = $1
		$1.DirectoryNamespaceAssociation = PrefixedHierarchical
		$0.TextStylePolicy = $2
		$2.inheritsSet = null
		$2.scope = text/x-csharp
		$0.CSharpFormattingPolicy = $3
		$3.scope = text/x-csharp
	EndGlobalSection
EndGlobal
